Microsoft Visual Studio Solution File, Format Version 12.00
# Visual Studio Version 17
VisualStudioVersion = 17.5.2.0
MinimumVisualStudioVersion = 10.0.40219.1
Project("{FAE04EC0-301F-11D3-BF4B-00C04F79EFBC}") = "HeatProductionSystem", "HeatProductionSystem\HeatProductionSystem.csproj", "{CE628263-9DA0-5036-7AD5-CE835FD9D471}"
EndProject
Global
	GlobalSection(SolutionConfigurationPlatforms) = preSolution
		Debug|Any CPU = Debug|Any CPU
		Release|Any CPU = Release|Any CPU
	EndGlobalSection
	GlobalSection(ProjectConfigurationPlatforms) = postSolution
		{CE628263-9DA0-5036-7AD5-CE835FD9D471}.Debug|Any CPU.ActiveCfg = Debug|Any CPU
		{CE628263-9DA0-5036-7AD5-CE835FD9D471}.Debug|Any CPU.Build.0 = Debug|Any CPU
		{CE628263-9DA0-5036-7AD5-CE835FD9D471}.Release|Any CPU.ActiveCfg = Release|Any CPU
		{CE628263-9DA0-5036-7AD5-CE835FD9D471}.Release|Any CPU.Build.0 = Release|Any CPU
	EndGlobalSection
	GlobalSection(SolutionProperties) = preSolution
		HideSolutionNode = FALSE
	EndGlobalSection
	GlobalSection(ExtensibilityGlobals) = postSolution
		SolutionGuid = {84FC3B5E-714F-48D4-8C80-CCC596804DFC}
	EndGlobalSection
EndGlobal
